speakeasyVersion: 1.446.0
sources:
    orq-test2-prerelease-python:
        sourceNamespace: orq-test2-prerelease-python
        sourceRevisionDigest: sha256:05557c98d98dd80cf4041ea1595ee4c139f70a6d35834328909dca5887a3f21d
        sourceBlobDigest: sha256:ce3d51108db783b73711b50b57743c11ce3c2b9ab1fe073c01a42aedeacef969
        tags:
            - latest
            - speakeasy-sdk-regen-1732588737
            - "2.0"
    orq-test2-python:
        sourceNamespace: orq-test2-python
        sourceRevisionDigest: sha256:1146429a6b6acb3b37687b2e80c24a02c8360ab9ee211c6566bf3ca8486dde3e
        sourceBlobDigest: sha256:f86d6a7c355488e601c7fc9174a9aa4ea69017fc58cbdddb7a8c38c3805bf247
        tags:
            - latest
            - speakeasy-sdk-regen-1732543661
            - "2.0"
targets:
    orq-test2-prerelease-python:
        source: orq-test2-prerelease-python
        sourceNamespace: orq-test2-prerelease-python
        sourceRevisionDigest: sha256:05557c98d98dd80cf4041ea1595ee4c139f70a6d35834328909dca5887a3f21d
        sourceBlobDigest: sha256:ce3d51108db783b73711b50b57743c11ce3c2b9ab1fe073c01a42aedeacef969
        codeSamplesNamespace: orq-test2-prerelease-python-code-samples
        codeSamplesRevisionDigest: sha256:34d91fb94f2d63616e0f337330812b549f2eb3586b48cc9b638b46254abd9430
    orq-test2-python:
        source: orq-test2-python
        sourceNamespace: orq-test2-python
        sourceRevisionDigest: sha256:1146429a6b6acb3b37687b2e80c24a02c8360ab9ee211c6566bf3ca8486dde3e
        sourceBlobDigest: sha256:f86d6a7c355488e601c7fc9174a9aa4ea69017fc58cbdddb7a8c38c3805bf247
        codeSamplesNamespace: orq-test2-python-code-samples
        codeSamplesRevisionDigest: sha256:ce047b9b76f52d175642df85390dbd13c7308d78eeb9e3449d60227da7621345
workflow:
    workflowVersion: 1.0.0
    speakeasyVersion: latest
    sources:
        orq-test2-prerelease-python:
            inputs:
                - location: ./openapi-prerelease.yaml
            registry:
                location: registry.speakeasyapi.dev/orq/orq/orq-test2-prerelease-python
        orq-test2-python:
            inputs:
                - location: ./openapi.yaml
            registry:
                location: registry.speakeasyapi.dev/orq/orq/orq-test2-python
    targets:
        orq-test2-prerelease-python:
            target: python
            source: orq-test2-prerelease-python
            output: ./packages/orq-rc
            publish:
                pypi:
                    token: $pypi_token
            codeSamples:
                registry:
                    location: registry.speakeasyapi.dev/orq/orq/orq-test2-prerelease-python-code-samples
                blocking: false
        orq-test2-python:
            target: python
            source: orq-test2-python
            publish:
                pypi:
                    token: $pypi_token
            codeSamples:
                registry:
                    location: registry.speakeasyapi.dev/orq/orq/orq-test2-python-code-samples
                blocking: false
